
Microsoft Visual Studio Solution File, Format Version 12.00
# Visual Studio 15
VisualStudioVersion = 15.0.26730.16
MinimumVisualStudioVersion = 10.0.40219.1
Project("{FAE04EC0-301F-11D3-BF4B-00C04F79EFBC}") = "ChromeCookieBackup", "ChromeCookieBackup\ChromeCookieBackup.csproj", "{00828E4F-08E8-47AD-938B-9856CB84702E}"
EndProject
Global
	GlobalSection(SolutionConfigurationPlatforms) = preSolution
		Debug|Any CPU = Debug|Any CPU
		Release|Any CPU = Release|Any CPU
	EndGlobalSection
	GlobalSection(ProjectConfigurationPlatforms) = postSolution
		{00828E4F-08E8-47AD-938B-9856CB84702E}.Debug|Any CPU.ActiveCfg = Debug|Any CPU
		{00828E4F-08E8-47AD-938B-9856CB84702E}.Debug|Any CPU.Build.0 = Debug|Any CPU
		{00828E4F-08E8-47AD-938B-9856CB84702E}.Release|Any CPU.ActiveCfg = Release|Any CPU
		{00828E4F-08E8-47AD-938B-9856CB84702E}.Release|Any CPU.Build.0 = Release|Any CPU
	EndGlobalSection
	GlobalSection(SolutionProperties) = preSolution
		HideSolutionNode = FALSE
	EndGlobalSection
	GlobalSection(ExtensibilityGlobals) = postSolution
		SolutionGuid = {23372BD6-02FC-43CB-B0A0-E9E634C7EA81}
	EndGlobalSection
EndGlobal
